
Microsoft Visual Studio Solution File, Format Version 12.00
# Visual Studio Version 16
VisualStudioVersion = 16.0.32413.511
MinimumVisualStudioVersion = 10.0.40219.1
Project("{8BC9CEB8-8B4A-11D0-8D11-00A0C91BC942}") = "server", "server\server.vcxproj", "{6FF009EB-FCC9-4A3F-84AA-EAFB054B8B02}"
EndProject
Project("{888888A0-9F3D-457C-B088-3A5042F75D52}") = "pyengine", "pyengine\pyengine.pyproj", "{001A39E7-A44B-4E04-9E61-DC6652F72F3F}"
EndProject
Global
	GlobalSection(SolutionConfigurationPlatforms) = preSolution
		Debug|Any CPU = Debug|Any CPU
		Debug|x64 = Debug|x64
		Debug|x86 = Debug|x86
		Release|Any CPU = Release|Any CPU
		Release|x64 = Release|x64
		Release|x86 = Release|x86
	EndGlobalSection
	GlobalSection(ProjectConfigurationPlatforms) = postSolution
		{6FF009EB-FCC9-4A3F-84AA-EAFB054B8B02}.Debug|Any CPU.ActiveCfg = Debug|Win32
		{6FF009EB-FCC9-4A3F-84AA-EAFB054B8B02}.Debug|x64.ActiveCfg = Debug|x64
		{6FF009EB-FCC9-4A3F-84AA-EAFB054B8B02}.Debug|x64.Build.0 = Debug|x64
		{6FF009EB-FCC9-4A3F-84AA-EAFB054B8B02}.Debug|x86.ActiveCfg = Debug|Win32
		{6FF009EB-FCC9-4A3F-84AA-EAFB054B8B02}.Debug|x86.Build.0 = Debug|Win32
		{6FF009EB-FCC9-4A3F-84AA-EAFB054B8B02}.Release|Any CPU.ActiveCfg = Release|Win32
		{6FF009EB-FCC9-4A3F-84AA-EAFB054B8B02}.Release|x64.ActiveCfg = Release|x64
		{6FF009EB-FCC9-4A3F-84AA-EAFB054B8B02}.Release|x64.Build.0 = Release|x64
		{6FF009EB-FCC9-4A3F-84AA-EAFB054B8B02}.Release|x86.ActiveCfg = Release|Win32
		{6FF009EB-FCC9-4A3F-84AA-EAFB054B8B02}.Release|x86.Build.0 = Release|Win32
		{001A39E7-A44B-4E04-9E61-DC6652F72F3F}.Debug|Any CPU.ActiveCfg = Debug|Any CPU
		{001A39E7-A44B-4E04-9E61-DC6652F72F3F}.Debug|x64.ActiveCfg = Debug|Any CPU
		{001A39E7-A44B-4E04-9E61-DC6652F72F3F}.Debug|x86.ActiveCfg = Debug|Any CPU
		{001A39E7-A44B-4E04-9E61-DC6652F72F3F}.Release|Any CPU.ActiveCfg = Release|Any CPU
		{001A39E7-A44B-4E04-9E61-DC6652F72F3F}.Release|x64.ActiveCfg = Release|Any CPU
		{001A39E7-A44B-4E04-9E61-DC6652F72F3F}.Release|x86.ActiveCfg = Release|Any CPU
	EndGlobalSection
	GlobalSection(SolutionProperties) = preSolution
		HideSolutionNode = FALSE
	EndGlobalSection
	GlobalSection(ExtensibilityGlobals) = postSolution
		SolutionGuid = {7186D915-5024-4170-A652-319BDD787199}
	EndGlobalSection
EndGlobal
